{
  "name": "apimonitor",
  "lockfileVersion": 3,
  "requires": true,
  "packages": {
    "": {
      "dependencies": {
        "@devsahil01/apimonitoring": "^1.0.1"
      }
    },
    "node_modules/@devsahil01/apimonitoring": {
      "version": "1.0.1",
      "resolved": "https://registry.npmjs.org/@devsahil01/apimonitoring/-/apimonitoring-1.0.1.tgz",
      "integrity": "sha512-dmOahM89CTnSA1MArHKzumSV+LBgQEfInKXZlinicfLAnptMaYcLcUyeT3iGFZAvSXBoqDjdq6UZhZsgaVN3qA=="
    }
  }
}
